
Microsoft Visual Studio Solution File, Format Version 12.00
# Visual Studio Version 17
VisualStudioVersion = 17.2.32630.192
MinimumVisualStudioVersion = 10.0.40219.1
Project("{9A19103F-16F7-4668-BE54-9A1E7A4F7556}") = "EmployeeSystem", "EmployeeSystem\EmployeeSystem.csproj", "{99FB7664-CA75-47DD-A3E1-9BE3632918A1}"
EndProject
Project("{FAE04EC0-301F-11D3-BF4B-00C04F79EFBC}") = "SpecFlowProject1", "SpecFlowProject1\SpecFlowProject1.csproj", "{8BEE4096-0832-495F-B461-ECBA7A57FE38}"
EndProject
Global
	GlobalSection(SolutionConfigurationPlatforms) = preSolution
		Debug|Any CPU = Debug|Any CPU
		Release|Any CPU = Release|Any CPU
	EndGlobalSection
	GlobalSection(ProjectConfigurationPlatforms) = postSolution
		{99FB7664-CA75-47DD-A3E1-9BE3632918A1}.Debug|Any CPU.ActiveCfg = Debug|Any CPU
		{99FB7664-CA75-47DD-A3E1-9BE3632918A1}.Debug|Any CPU.Build.0 = Debug|Any CPU
		{99FB7664-CA75-47DD-A3E1-9BE3632918A1}.Release|Any CPU.ActiveCfg = Release|Any CPU
		{99FB7664-CA75-47DD-A3E1-9BE3632918A1}.Release|Any CPU.Build.0 = Release|Any CPU
		{8BEE4096-0832-495F-B461-ECBA7A57FE38}.Debug|Any CPU.ActiveCfg = Debug|Any CPU
		{8BEE4096-0832-495F-B461-ECBA7A57FE38}.Debug|Any CPU.Build.0 = Debug|Any CPU
		{8BEE4096-0832-495F-B461-ECBA7A57FE38}.Release|Any CPU.ActiveCfg = Release|Any CPU
		{8BEE4096-0832-495F-B461-ECBA7A57FE38}.Release|Any CPU.Build.0 = Release|Any CPU
	EndGlobalSection
	GlobalSection(SolutionProperties) = preSolution
		HideSolutionNode = FALSE
	EndGlobalSection
	GlobalSection(ExtensibilityGlobals) = postSolution
		SolutionGuid = {B56F4E45-C1CB-4799-9554-82028A91CEB0}
	EndGlobalSection
EndGlobal
